<?xml version="1.0" encoding="UTF-8"?>
<Scheme
   LastUpgradeVersion = "1250"
   version = "1.3">
   <BuildAction
      parallelizeBuildables = "YES"
      buildImplicitDependencies = "YES">
      <BuildActionEntries>
         <BuildActionEntry
            buildForTesting = "YES"
            buildForRunning = "YES"
            buildForProfiling = "YES"
            buildForArchiving = "YES"
            buildForAnalyzing = "YES">
            <BuildableReference
               BuildableIdentifier = "primary"
               BlueprintIdentifier = "2020B42F26A56C8C00C2E39A"
               BuildableName = "Storytel.app"
               BlueprintName = "Storytel"
               ReferencedContainer = "container:Storytel.xcodeproj">
            </BuildableReference>
         </BuildActionEntry>
      </BuildActionEntries>
   </BuildAction>
   <TestAction
      buildConfiguration = "Debug"
      selectedDebuggerIdentifier = ""
      selectedLauncherIdentifier = "Xcode.IDEFoundation.Launcher.PosixSpawn"
      customLLDBInitFile = "~/.lldbinit"
      shouldUseLaunchSchemeArgsEnv = "NO">
      <MacroExpansion>
         <BuildableReference
            BuildableIdentifier = "primary"
            BlueprintIdentifier = "2020B42F26A56C8C00C2E39A"
            BuildableName = "Storytel.app"
            BlueprintName = "Storytel"
            ReferencedContainer = "container:Storytel.xcodeproj">
         </BuildableReference>
      </MacroExpansion>
      <CommandLineArguments>
         <CommandLineArgument
            argument = "-UNITTEST"
            isEnabled = "YES">
         </CommandLineArgument>
      </CommandLineArguments>
      <EnvironmentVariables>
         <EnvironmentVariable
            key = "IMAGE_DIFF_DIR"
            value = "$(SOURCE_ROOT)/StorytelSnapshotTests/FailureDiffs"
            isEnabled = "YES">
         </EnvironmentVariable>
         <EnvironmentVariable
            key = "FB_REFERENCE_IMAGE_DIR"
            value = "$(SOURCE_ROOT)/StorytelSnapshotTests/ReferenceImages"
            isEnabled = "YES">
         </EnvironmentVariable>
      </EnvironmentVariables>
      <Testables>
         <TestableReference
            skipped = "NO"
            parallelizable = "YES"
            testExecutionOrdering = "random">
            <BuildableReference
               BuildableIdentifier = "primary"
               BlueprintIdentifier = "2020B44526A56C8D00C2E39A"
               BuildableName = "StorytelTests.xctest"
               BlueprintName = "StorytelTests"
               ReferencedContainer = "container:Storytel.xcodeproj">
            </BuildableReference>
         </TestableReference>
         <TestableReference
            skipped = "NO"
            parallelizable = "YES"
            testExecutionOrdering = "random">
            <BuildableReference
               BuildableIdentifier = "primary"
               BlueprintIdentifier = "2020B46726A56CBD00C2E39A"
               BuildableName = "StorytelSnapshotTests.xctest"
               BlueprintName = "StorytelSnapshotTests"
               ReferencedContainer = "container:Storytel.xcodeproj">
            </BuildableReference>
         </TestableReference>
      </Testables>
   </TestAction>
   <LaunchAction
      buildConfiguration = "Debug"
      selectedDebuggerIdentifier = ""
      selectedLauncherIdentifier = "Xcode.IDEFoundation.Launcher.PosixSpawn"
      launchStyle = "0"
      useCustomWorkingDirectory = "NO"
      ignoresPersistentStateOnLaunch = "NO"
      debugDocumentVersioning = "YES"
      debugServiceExtension = "internal"
      allowLocationSimulation = "YES">
      <BuildableProductRunnable
         runnableDebuggingMode = "0">
         <BuildableReference
            BuildableIdentifier = "primary"
            BlueprintIdentifier = "2020B42F26A56C8C00C2E39A"
            BuildableName = "Storytel.app"
            BlueprintName = "Storytel"
            ReferencedContainer = "container:Storytel.xcodeproj">
         </BuildableReference>
      </BuildableProductRunnable>
   </LaunchAction>
   <ProfileAction
      buildConfiguration = "Release"
      shouldUseLaunchSchemeArgsEnv = "YES"
      savedToolIdentifier = ""
      useCustomWorkingDirectory = "NO"
      debugDocumentVersioning = "YES">
      <BuildableProductRunnable
         runnableDebuggingMode = "0">
         <BuildableReference
            BuildableIdentifier = "primary"
            BlueprintIdentifier = "2020B42F26A56C8C00C2E39A"
            BuildableName = "Storytel.app"
            BlueprintName = "Storytel"
            ReferencedContainer = "container:Storytel.xcodeproj">
         </BuildableReference>
      </BuildableProductRunnable>
   </ProfileAction>
   <AnalyzeAction
      buildConfiguration = "Debug">
   </AnalyzeAction>
   <ArchiveAction
      buildConfiguration = "Release"
      revealArchiveInOrganizer = "YES">
   </ArchiveAction>
</Scheme>
